// !$*UTF8*$!
{
	archiveVersion = 1;
	classes = {
	};
	objectVersion = 46;
	objects = {

/* Begin PBXBuildFile section */
		DA6A135F1EEC5DA900392F7E /* AppDelegate.swift in Sources */ = {isa = PBXBuildFile; fileRef = DA6A135E1EEC5DA900392F7E /* AppDelegate.swift */; };
		DA6A13611EEC5DA900392F7E /* RecordSoundsViewController.swift in Sources */ = {isa = PBXBuildFile; fileRef = DA6A13601EEC5DA900392F7E /* RecordSoundsViewController.swift */; };
		DA6A13641EEC5DA900392F7E /* Main.storyboard in Resources */ = {isa = PBXBuildFile; fileRef = DA6A13621EEC5DA900392F7E /* Main.storyboard */; };
		DA6A13671EEC5DA900392F7E /* Voice_Changer.xcdatamodeld in Sources */ = {isa = PBXBuildFile; fileRef = DA6A13651EEC5DA900392F7E /* Voice_Changer.xcdatamodeld */; };
		DA6A13691EEC5DA900392F7E /* Assets.xcassets in Resources */ = {isa = PBXBuildFile; fileRef = DA6A13681EEC5DA900392F7E /* Assets.xcassets */; };
		DA6A136C1EEC5DA900392F7E /* LaunchScreen.storyboard in Resources */ = {isa = PBXBuildFile; fileRef = DA6A136A1EEC5DA900392F7E /* LaunchScreen.storyboard */; };
		DA7C48A31EF2ED86009A560F /* PlaySoundsViewController.swift in Sources */ = {isa = PBXBuildFile; fileRef = DA7C48A21EF2ED86009A560F /* PlaySoundsViewController.swift */; };
/* End PBXBuildFile section */

/* Begin PBXFileReference section */
		DA6A135B1EEC5DA900392F7E /* Voice Changer.app */ = {isa = PBXFileReference; explicitFileType = wrapper.application; includeInIndex = 0; path = "Voice Changer.app"; sourceTree = BUILT_PRODUCTS_DIR; };
		DA6A135E1EEC5DA900392F7E /* AppDelegate.swift */ = {isa = PBXFileReference; lastKnownFileType = sourcecode.swift; path = AppDelegate.swift; sourceTree = "<group>"; };
		DA6A13601EEC5DA900392F7E /* RecordSoundsViewController.swift */ = {isa = PBXFileReference; lastKnownFileType = sourcecode.swift; path = RecordSoundsViewController.swift; sourceTree = "<group>"; };
		DA6A13631EEC5DA900392F7E /* Base */ = {isa = PBXFileReference; lastKnownFileType = file.storyboard; name = Base; path = Base.lproj/Main.storyboard; sourceTree = "<group>"; };
		DA6A13661EEC5DA900392F7E /* Voice_Changer.xcdatamodel */ = {isa = PBXFileReference; lastKnownFileType = wrapper.xcdatamodel; path = Voice_Changer.xcdatamodel; sourceTree = "<group>"; };
		DA6A13681EEC5DA900392F7E /* Assets.xcassets */ = {isa = PBXFileReference; lastKnownFileType = folder.assetcatalog; path = Assets.xcassets; sourceTree = "<group>"; };
		DA6A136B1EEC5DA900392F7E /* Base */ = {isa = PBXFileReference; lastKnownFileType = file.storyboard; name = Base; path = Base.lproj/LaunchScreen.storyboard; sourceTree = "<group>"; };
		DA6A136D1EEC5DA900392F7E /* Info.plist */ = {isa = PBXFileReference; lastKnownFileType = text.plist.xml; path = Info.plist; sourceTree = "<group>"; };
		DA7C48A21EF2ED86009A560F /* PlaySoundsViewController.swift */ = {isa = PBXFileReference; fileEncoding = 4; lastKnownFileType = sourcecode.swift; path = PlaySoundsViewController.swift; sourceTree = "<group>"; };
/* End PBXFileReference section */

/* Begin PBXFrameworksBuildPhase section */
		DA6A13581EEC5DA900392F7E /* Frameworks */ = {
			isa = PBXFrameworksBuildPhase;
			buildActionMask = 2147483647;
			files = (
			);
			runOnlyForDeploymentPostprocessing = 0;
		};
/* End PBXFrameworksBuildPhase section */

/* Begin PBXGroup section */
		DA6A13521EEC5DA900392F7E = {
			isa = PBXGroup;
			children = (
				DA6A135D1EEC5DA900392F7E /* Voice Changer */,
				DA6A135C1EEC5DA900392F7E /* Products */,
			);
			sourceTree = "<group>";
		};
		DA6A135C1EEC5DA900392F7E /* Products */ = {
			isa = PBXGroup;
			children = (
				DA6A135B1EEC5DA900392F7E /* Voice Changer.app */,
			);
			name = Products;
			sourceTree = "<group>";
		};
		DA6A135D1EEC5DA900392F7E /* Voice Changer */ = {
			isa = PBXGroup;
			children = (
				DA6A135E1EEC5DA900392F7E /* AppDelegate.swift */,
				DA6A13601EEC5DA900392F7E /* RecordSoundsViewController.swift */,
				DA6A13621EEC5DA900392F7E /* Main.storyboard */,
				DA6A13681EEC5DA900392F7E /* Assets.xcassets */,
				DA6A136A1EEC5DA900392F7E /* LaunchScreen.storyboard */,
				DA6A136D1EEC5DA900392F7E /* Info.plist */,
				DA6A13651EEC5DA900392F7E /* Voice_Changer.xcdatamodeld */,
				DA7C48A21EF2ED86009A560F /* PlaySoundsViewController.swift */,
			);
			path = "Voice Changer";
			sourceTree = "<group>";
		};
/* End PBXGroup section */

/* Begin PBXNativeTarget section */
		DA6A135A1EEC5DA900392F7E /* Voice Changer */ = {
			isa = PBXNativeTarget;
			buildConfigurationList = DA6A13701EEC5DA900392F7E /* Build configuration list for PBXNativeTarget "Voice Changer" */;
			buildPhases = (
				DA6A13571EEC5DA900392F7E /* Sources */,
				DA6A13581EEC5DA900392F7E /* Frameworks */,
				DA6A13591EEC5DA900392F7E /* Resources */,
			);
			buildRules = (
			);
			dependencies = (
			);
			name = "Voice Changer";
			productName = "Voice Changer";
			productReference = DA6A135B1EEC5DA900392F7E /* Voice Changer.app */;
			productType = "com.apple.product-type.application";
		};
/* End PBXNativeTarget section */

/* Begin PBXProject section */
		DA6A13531EEC5DA900392F7E /* Project object */ = {
			isa = PBXProject;
			attributes = {
				LastSwiftUpdateCheck = 0830;
				LastUpgradeCheck = 0830;
				ORGANIZATIONNAME = "Hugh Ferguson";
				TargetAttributes = {
					DA6A135A1EEC5DA900392F7E = {
						CreatedOnToolsVersion = 8.3.2;
						ProvisioningStyle = Automatic;
					};
				};
			};
			buildConfigurationList = DA6A13561EEC5DA900392F7E /* Build configuration list for PBXProject "Voice Changer" */;
			compatibilityVersion = "Xcode 3.2";
			developmentRegion = English;
			hasScannedForEncodings = 0;
			knownRegions = (
				en,
				Base,
			);
			mainGroup = DA6A13521EEC5DA900392F7E;
			productRefGroup = DA6A135C1EEC5DA900392F7E /* Products */;
			projectDirPath = "";
			projectRoot = "";
			targets = (
				DA6A135A1EEC5DA900392F7E /* Voice Changer */,
			);
		};
/* End PBXProject section */

/* Begin PBXResourcesBuildPhase section */
		DA6A13591EEC5DA900392F7E /* Resources */ = {
			isa = PBXResourcesBuildPhase;
			buildActionMask = 2147483647;
			files = (
				DA6A136C1EEC5DA900392F7E /* LaunchScreen.storyboard in Resources */,
				DA6A13691EEC5DA900392F7E /* Assets.xcassets in Resources */,
				DA6A13641EEC5DA900392F7E /* Main.storyboard in Resources */,
			);
			runOnlyForDeploymentPostprocessing = 0;
		};
/* End PBXResourcesBuildPhase section */

/* Begin PBXSourcesBuildPhase section */
		DA6A13571EEC5DA900392F7E /* Sources */ = {
			isa = PBXSourcesBuildPhase;
			buildActionMask = 2147483647;
			files = (
				DA6A13671EEC5DA900392F7E /* Voice_Changer.xcdatamodeld in Sources */,
				DA6A13611EEC5DA900392F7E /* RecordSoundsViewController.swift in Sources */,
				DA7C48A31EF2ED86009A560F /* PlaySoundsViewController.swift in Sources */,
				DA6A135F1EEC5DA900392F7E /* AppDelegate.swift in Sources */,
			);
			runOnlyForDeploymentPostprocessing = 0;
		};
/* End PBXSourcesBuildPhase section */

/* Begin PBXVariantGroup section */
		DA6A13621EEC5DA900392F7E /* Main.storyboard */ = {
			isa = PBXVariantGroup;
			children = (
				DA6A13631EEC5DA900392F7E /* Base */,
			);
			name = Main.storyboard;
			sourceTree = "<group>";
		};
		DA6A136A1EEC5DA900392F7E /* LaunchScreen.storyboard */ = {
			isa = PBXVariantGroup;
			children = (
				DA6A136B1EEC5DA900392F7E /* Base */,
			);
			name = LaunchScreen.storyboard;
			sourceTree = "<group>";
		};
/* End PBXVariantGroup section */

/* Begin XCBuildConfiguration section */
		DA6A136E1EEC5DA900392F7E /* Debug */ = {
			isa = XCBuildConfiguration;
			buildSettings = {
				ALWAYS_SEARCH_USER_PATHS = NO;
				CLANG_ANALYZER_NONNULL = YES;
				CLANG_ANALYZER_NUMBER_OBJECT_CONVERSION = YES_AGGRESSIVE;
				CLANG_CXX_LANGUAGE_STANDARD = "gnu++0x";
				CLANG_CXX_LIBRARY = "libc++";
				CLANG_ENABLE_MODULES = YES;
				CLANG_ENABLE_OBJC_ARC = YES;
				CLANG_WARN_BOOL_CONVERSION = YES;
				CLANG_WARN_CONSTANT_CONVERSION = YES;
				CLANG_WARN_DIRECT_OBJC_ISA_USAGE = YES_ERROR;
				CLANG_WARN_DOCUMENTATION_COMMENTS = YES;
				CLANG_WARN_EMPTY_BODY = YES;
				CLANG_WARN_ENUM_CONVERSION = YES;
				CLANG_WARN_INFINITE_RECURSION = YES;
				CLANG_WARN_INT_CONVERSION = YES;
				CLANG_WARN_OBJC_ROOT_CLASS = YES_ERROR;
				CLANG_WARN_SUSPICIOUS_MOVE = YES;
				CLANG_WARN_UNREACHABLE_CODE = YES;
				CLANG_WARN__DUPLICATE_METHOD_MATCH = YES;
				"CODE_SIGN_IDENTITY[sdk=iphoneos*]" = "iPhone Developer";
				COPY_PHASE_STRIP = NO;
				DEBUG_INFORMATION_FORMAT = dwarf;
				ENABLE_STRICT_OBJC_MSGSEND = YES;
				ENABLE_TESTABILITY = YES;
				GCC_C_LANGUAGE_STANDARD = gnu99;
				GCC_DYNAMIC_NO_PIC = NO;
				GCC_NO_COMMON_BLOCKS = YES;
				GCC_OPTIMIZATION_LEVEL = 0;
				GCC_PREPROCESSOR_DEFINITIONS = (
					"DEBUG=1",
					"$(inherited)",
				);
				GCC_WARN_64_TO_32_BIT_CONVERSION = YES;
				GCC_WARN_ABOUT_RETURN_TYPE = YES_ERROR;
				GCC_WARN_UNDECLARED_SELECTOR = YES;
				GCC_WARN_UNINITIALIZED_AUTOS = YES_AGGRESSIVE;
				GCC_WARN_UNUSED_FUNCTION = YES;
				GCC_WARN_UNUSED_VARIABLE = YES;
				IPHONEOS_DEPLOYMENT_TARGET = 10.3;
				MTL_ENABLE_DEBUG_INFO = YES;
				ONLY_ACTIVE_ARCH = YES;
				SDKROOT = iphoneos;
				SWIFT_ACTIVE_COMPILATION_CONDITIONS = DEBUG;
				SWIFT_OPTIMIZATION_LEVEL = "-Onone";
			};
			name = Debug;
		};
		DA6A136F1EEC5DA900392F7E /* Release */ = {
			isa = XCBuildConfiguration;
			buildSettings = {
				ALWAYS_SEARCH_USER_PATHS = NO;
				CLANG_ANALYZER_NONNULL = YES;
				CLANG_ANALYZER_NUMBER_OBJECT_CONVERSION = YES_AGGRESSIVE;
				CLANG_CXX_LANGUAGE_STANDARD = "gnu++0x";
				CLANG_CXX_LIBRARY = "libc++";
				CLANG_ENABLE_MODULES = YES;
				CLANG_ENABLE_OBJC_ARC = YES;
				CLANG_WARN_BOOL_CONVERSION = YES;
				CLANG_WARN_CONSTANT_CONVERSION = YES;
				CLANG_WARN_DIRECT_OBJC_ISA_USAGE = YES_ERROR;
				CLANG_WARN_DOCUMENTATION_COMMENTS = YES;
				CLANG_WARN_EMPTY_BODY = YES;
				CLANG_WARN_ENUM_CONVERSION = YES;
				CLANG_WARN_INFINITE_RECURSION = YES;
				CLANG_WARN_INT_CONVERSION = YES;
				CLANG_WARN_OBJC_ROOT_CLASS = YES_ERROR;
				CLANG_WARN_SUSPICIOUS_MOVE = YES;
				CLANG_WARN_UNREACHABLE_CODE = YES;
				CLANG_WARN__DUPLICATE_METHOD_MATCH = YES;
				"CODE_SIGN_IDENTITY[sdk=iphoneos*]" = "iPhone Developer";
				COPY_PHASE_STRIP = NO;
				DEBUG_INFORMATION_FORMAT = "dwarf-with-dsym";
				ENABLE_NS_ASSERTIONS = NO;
				ENABLE_STRICT_OBJC_MSGSEND = YES;
				GCC_C_LANGUAGE_STANDARD = gnu99;
				GCC_NO_COMMON_BLOCKS = YES;
				GCC_WARN_64_TO_32_BIT_CONVERSION = YES;
				GCC_WARN_ABOUT_RETURN_TYPE = YES_ERROR;
				GCC_WARN_UNDECLARED_SELECTOR = YES;
				GCC_WARN_UNINITIALIZED_AUTOS = YES_AGGRESSIVE;
				GCC_WARN_UNUSED_FUNCTION = YES;
				GCC_WARN_UNUSED_VARIABLE = YES;
				IPHONEOS_DEPLOYMENT_TARGET = 10.3;
				MTL_ENABLE_DEBUG_INFO = NO;
				SDKROOT = iphoneos;
				SWIFT_OPTIMIZATION_LEVEL = "-Owholemodule";
				VALIDATE_PRODUCT = YES;
			};
			name = Release;
		};
		DA6A13711EEC5DA900392F7E /* Debug */ = {
			isa = XCBuildConfiguration;
			buildSettings = {
				ASSETCATALOG_COMPILER_APPICON_NAME = AppIcon;
				INFOPLIST_FILE = "Voice Changer/Info.plist";
				LD_RUNPATH_SEARCH_PATHS = "$(inherited) @executable_path/Frameworks";
				PRODUCT_BUNDLE_IDENTIFIER = "com.HughFerguson.Voice-Changer";
				PRODUCT_NAME = "$(TARGET_NAME)";
				SWIFT_VERSION = 3.0;
			};
			name = Debug;
		};
		DA6A13721EEC5DA900392F7E /* Release */ = {
			isa = XCBuildConfiguration;
			buildSettings = {
				ASSETCATALOG_COMPILER_APPICON_NAME = AppIcon;
				INFOPLIST_FILE = "Voice Changer/Info.plist";
				LD_RUNPATH_SEARCH_PATHS = "$(inherited) @executable_path/Frameworks";
				PRODUCT_BUNDLE_IDENTIFIER = "com.HughFerguson.Voice-Changer";
				PRODUCT_NAME = "$(TARGET_NAME)";
				SWIFT_VERSION = 3.0;
			};
			name = Release;
		};
/* End XCBuildConfiguration section */

/* Begin XCConfigurationList section */
		DA6A13561EEC5DA900392F7E /* Build configuration list for PBXProject "Voice Changer" */ = {
			isa = XCConfigurationList;
			buildConfigurations = (
				DA6A136E1EEC5DA900392F7E /* Debug */,
				DA6A136F1EEC5DA900392F7E /* Release */,
			);
			defaultConfigurationIsVisible = 0;
			defaultConfigurationName = Release;
		};
		DA6A13701EEC5DA900392F7E /* Build configuration list for PBXNativeTarget "Voice Changer" */ = {
			isa = XCConfigurationList;
			buildConfigurations = (
				DA6A13711EEC5DA900392F7E /* Debug */,
				DA6A13721EEC5DA900392F7E /* Release */,
			);
			defaultConfigurationIsVisible = 0;
			defaultConfigurationName = Release;
		};
/* End XCConfigurationList section */

/* Begin XCVersionGroup section */
		DA6A13651EEC5DA900392F7E /* Voice_Changer.xcdatamodeld */ = {
			isa = XCVersionGroup;
			children = (
				DA6A13661EEC5DA900392F7E /* Voice_Changer.xcdatamodel */,
			);
			currentVersion = DA6A13661EEC5DA900392F7E /* Voice_Changer.xcdatamodel */;
			path = Voice_Changer.xcdatamodeld;
			sourceTree = "<group>";
			versionGroupType = wrapper.xcdatamodel;
		};
/* End XCVersionGroup section */
	};
	rootObject = DA6A13531EEC5DA900392F7E /* Project object */;
}
